// !$*UTF8*$!
{
	archiveVersion = 1;
	classes = {
	};
	objectVersion = 46;
	objects = {

/* Begin PBXBuildFile section */
		4EC4017B1BAF94D700E4AF65 /* main.m in Sources */ = {isa = PBXBuildFile; fileRef = 4EC4017A1BAF94D700E4AF65 /* main.m */; };
		4EC4017E1BAF94D700E4AF65 /* AppDelegate.m in Sources */ = {isa = PBXBuildFile; fileRef = 4EC4017D1BAF94D700E4AF65 /* AppDelegate.m */; };
		4EC401811BAF94D700E4AF65 /* CaiPu.xcdatamodeld in Sources */ = {isa = PBXBuildFile; fileRef = 4EC4017F1BAF94D700E4AF65 /* CaiPu.xcdatamodeld */; };
		4EC401871BAF94D700E4AF65 /* Main.storyboard in Resources */ = {isa = PBXBuildFile; fileRef = 4EC401851BAF94D700E4AF65 /* Main.storyboard */; };
		4EC401891BAF94D700E4AF65 /* Images.xcassets in Resources */ = {isa = PBXBuildFile; fileRef = 4EC401881BAF94D700E4AF65 /* Images.xcassets */; };
		4EC4018C1BAF94D700E4AF65 /* LaunchScreen.xib in Resources */ = {isa = PBXBuildFile; fileRef = 4EC4018A1BAF94D700E4AF65 /* LaunchScreen.xib */; };
		4EC401981BAF94D700E4AF65 /* CaiPuTests.m in Sources */ = {isa = PBXBuildFile; fileRef = 4EC401971BAF94D700E4AF65 /* CaiPuTests.m */; };
		4EC401A61BAFA29700E4AF65 /* 2014081421510285285.jpg in Resources */ = {isa = PBXBuildFile; fileRef = 4EC401A51BAFA29700E4AF65 /* 2014081421510285285.jpg */; };
		4EC401A91BAFBC8A00E4AF65 /* TabBarController.m in Sources */ = {isa = PBXBuildFile; fileRef = 4EC401A81BAFBC8A00E4AF65 /* TabBarController.m */; };
		4EC401AF1BAFC77000E4AF65 /* HomeViewController.m in Sources */ = {isa = PBXBuildFile; fileRef = 4EC401AE1BAFC77000E4AF65 /* HomeViewController.m */; };
		4EC401B21BAFC85400E4AF65 /* Feedback ViewController.m in Sources */ = {isa = PBXBuildFile; fileRef = 4EC401B11BAFC85400E4AF65 /* Feedback ViewController.m */; };
		4EC401B51BAFC8AE00E4AF65 /* Dish rackViewController.m in Sources */ = {isa = PBXBuildFile; fileRef = 4EC401B41BAFC8AE00E4AF65 /* Dish rackViewController.m */; };
		4EC401BB1BAFC93900E4AF65 /* CharacteristicViewController.m in Sources */ = {isa = PBXBuildFile; fileRef = 4EC401BA1BAFC93900E4AF65 /* CharacteristicViewController.m */; };
		4EC401BE1BAFCA4E00E4AF65 /* SearchViewController.m in Sources */ = {isa = PBXBuildFile; fileRef = 4EC401BD1BAFCA4E00E4AF65 /* SearchViewController.m */; };
		4EC401C11BAFCAC400E4AF65 /* Details of dishesViewController.m in Sources */ = {isa = PBXBuildFile; fileRef = 4EC401C01BAFCAC400E4AF65 /* Details of dishesViewController.m */; };
/* End PBXBuildFile section */

/* Begin PBXContainerItemProxy section */
		4EC401921BAF94D700E4AF65 /* PBXContainerItemProxy */ = {
			isa = PBXContainerItemProxy;
			containerPortal = 4EC4016D1BAF94D700E4AF65 /* Project object */;
			proxyType = 1;
			remoteGlobalIDString = 4EC401741BAF94D700E4AF65;
			remoteInfo = CaiPu;
		};
/* End PBXContainerItemProxy section */

/* Begin PBXFileReference section */
		4EC401751BAF94D700E4AF65 /* CaiPu.app */ = {isa = PBXFileReference; explicitFileType = wrapper.application; includeInIndex = 0; path = CaiPu.app; sourceTree = BUILT_PRODUCTS_DIR; };
		4EC401791BAF94D700E4AF65 /* Info.plist */ = {isa = PBXFileReference; lastKnownFileType = text.plist.xml; path = Info.plist; sourceTree = "<group>"; };
		4EC4017A1BAF94D700E4AF65 /* main.m */ = {isa = PBXFileReference; lastKnownFileType = sourcecode.c.objc; path = main.m; sourceTree = "<group>"; };
		4EC4017C1BAF94D700E4AF65 /* AppDelegate.h */ = {isa = PBXFileReference; lastKnownFileType = sourcecode.c.h; path = AppDelegate.h; sourceTree = "<group>"; };
		4EC4017D1BAF94D700E4AF65 /* AppDelegate.m */ = {isa = PBXFileReference; lastKnownFileType = sourcecode.c.objc; path = AppDelegate.m; sourceTree = "<group>"; };
		4EC401801BAF94D700E4AF65 /* CaiPu.xcdatamodel */ = {isa = PBXFileReference; lastKnownFileType = wrapper.xcdatamodel; path = CaiPu.xcdatamodel; sourceTree = "<group>"; };
		4EC401861BAF94D700E4AF65 /* Base */ = {isa = PBXFileReference; lastKnownFileType = file.storyboard; name = Base; path = Base.lproj/Main.storyboard; sourceTree = "<group>"; };
		4EC401881BAF94D700E4AF65 /* Images.xcassets */ = {isa = PBXFileReference; lastKnownFileType = folder.assetcatalog; name = Images.xcassets; path = CaiPu/Images.xcassets; sourceTree = "<group>"; };
		4EC4018B1BAF94D700E4AF65 /* Base */ = {isa = PBXFileReference; lastKnownFileType = file.xib; name = Base; path = Base.lproj/LaunchScreen.xib; sourceTree = "<group>"; };
		4EC401911BAF94D700E4AF65 /* CaiPuTests.xctest */ = {isa = PBXFileReference; explicitFileType = wrapper.cfbundle; includeInIndex = 0; path = CaiPuTests.xctest; sourceTree = BUILT_PRODUCTS_DIR; };
		4EC401961BAF94D700E4AF65 /* Info.plist */ = {isa = PBXFileReference; lastKnownFileType = text.plist.xml; path = Info.plist; sourceTree = "<group>"; };
		4EC401971BAF94D700E4AF65 /* CaiPuTests.m */ = {isa = PBXFileReference; lastKnownFileType = sourcecode.c.objc; path = CaiPuTests.m; sourceTree = "<group>"; };
		4EC401A51BAFA29700E4AF65 /* 2014081421510285285.jpg */ = {isa = PBXFileReference; lastKnownFileType = image.jpeg; name = 2014081421510285285.jpg; path = ../../../2014081421510285285.jpg; sourceTree = "<group>"; };
		4EC401A71BAFBC8A00E4AF65 /* TabBarController.h */ = {isa = PBXFileReference; fileEncoding = 4; lastKnownFileType = sourcecode.c.h; path = TabBarController.h; sourceTree = "<group>"; };
		4EC401A81BAFBC8A00E4AF65 /* TabBarController.m */ = {isa = PBXFileReference; fileEncoding = 4; lastKnownFileType = sourcecode.c.objc; path = TabBarController.m; sourceTree = "<group>"; };
		4EC401AD1BAFC77000E4AF65 /* HomeViewController.h */ = {isa = PBXFileReference; fileEncoding = 4; lastKnownFileType = sourcecode.c.h; path = HomeViewController.h; sourceTree = "<group>"; };
		4EC401AE1BAFC77000E4AF65 /* HomeViewController.m */ = {isa = PBXFileReference; fileEncoding = 4; lastKnownFileType = sourcecode.c.objc; path = HomeViewController.m; sourceTree = "<group>"; };
		4EC401B01BAFC85400E4AF65 /* Feedback ViewController.h */ = {isa = PBXFileReference; fileEncoding = 4; lastKnownFileType = sourcecode.c.h; path = "Feedback ViewController.h"; sourceTree = "<group>"; };
		4EC401B11BAFC85400E4AF65 /* Feedback ViewController.m */ = {isa = PBXFileReference; fileEncoding = 4; lastKnownFileType = sourcecode.c.objc; path = "Feedback ViewController.m"; sourceTree = "<group>"; };
		4EC401B31BAFC8AE00E4AF65 /* Dish rackViewController.h */ = {isa = PBXFileReference; fileEncoding = 4; lastKnownFileType = sourcecode.c.h; path = "Dish rackViewController.h"; sourceTree = "<group>"; };
		4EC401B41BAFC8AE00E4AF65 /* Dish rackViewController.m */ = {isa = PBXFileReference; fileEncoding = 4; lastKnownFileType = sourcecode.c.objc; path = "Dish rackViewController.m"; sourceTree = "<group>"; };
		4EC401B91BAFC93900E4AF65 /* CharacteristicViewController.h */ = {isa = PBXFileReference; fileEncoding = 4; lastKnownFileType = sourcecode.c.h; path = CharacteristicViewController.h; sourceTree = "<group>"; };
		4EC401BA1BAFC93900E4AF65 /* CharacteristicViewController.m */ = {isa = PBXFileReference; fileEncoding = 4; lastKnownFileType = sourcecode.c.objc; path = CharacteristicViewController.m; sourceTree = "<group>"; };
		4EC401BC1BAFCA4E00E4AF65 /* SearchViewController.h */ = {isa = PBXFileReference; fileEncoding = 4; lastKnownFileType = sourcecode.c.h; path = SearchViewController.h; sourceTree = "<group>"; };
		4EC401BD1BAFCA4E00E4AF65 /* SearchViewController.m */ = {isa = PBXFileReference; fileEncoding = 4; lastKnownFileType = sourcecode.c.objc; path = SearchViewController.m; sourceTree = "<group>"; };
		4EC401BF1BAFCAC400E4AF65 /* Details of dishesViewController.h */ = {isa = PBXFileReference; fileEncoding = 4; lastKnownFileType = sourcecode.c.h; path = "Details of dishesViewController.h"; sourceTree = "<group>"; };
		4EC401C01BAFCAC400E4AF65 /* Details of dishesViewController.m */ = {isa = PBXFileReference; fileEncoding = 4; lastKnownFileType = sourcecode.c.objc; path = "Details of dishesViewController.m"; sourceTree = "<group>"; };
/* End PBXFileReference section */

/* Begin PBXFrameworksBuildPhase section */
		4EC401721BAF94D700E4AF65 /* Frameworks */ = {
			isa = PBXFrameworksBuildPhase;
			buildActionMask = 2147483647;
			files = (
			);
			runOnlyForDeploymentPostprocessing = 0;
		};
		4EC4018E1BAF94D700E4AF65 /* Frameworks */ = {
			isa = PBXFrameworksBuildPhase;
			buildActionMask = 2147483647;
			files = (
			);
			runOnlyForDeploymentPostprocessing = 0;
		};
/* End PBXFrameworksBuildPhase section */

/* Begin PBXGroup section */
		4EC4016C1BAF94D700E4AF65 = {
			isa = PBXGroup;
			children = (
				4EC401A41BAF97A700E4AF65 /* Medel */,
				4EC401A31BAF977900E4AF65 /* Controller */,
				4EC401A21BAF975400E4AF65 /* Uititlis */,
				4EC401771BAF94D700E4AF65 /* CaiPu */,
				4EC401941BAF94D700E4AF65 /* CaiPuTests */,
				4EC401761BAF94D700E4AF65 /* Products */,
			);
			sourceTree = "<group>";
		};
		4EC401761BAF94D700E4AF65 /* Products */ = {
			isa = PBXGroup;
			children = (
				4EC401751BAF94D700E4AF65 /* CaiPu.app */,
				4EC401911BAF94D700E4AF65 /* CaiPuTests.xctest */,
			);
			name = Products;
			sourceTree = "<group>";
		};
		4EC401771BAF94D700E4AF65 /* CaiPu */ = {
			isa = PBXGroup;
			children = (
				4EC4017C1BAF94D700E4AF65 /* AppDelegate.h */,
				4EC4017D1BAF94D700E4AF65 /* AppDelegate.m */,
				4EC401781BAF94D700E4AF65 /* Supporting Files */,
			);
			path = CaiPu;
			sourceTree = "<group>";
		};
		4EC401781BAF94D700E4AF65 /* Supporting Files */ = {
			isa = PBXGroup;
			children = (
				4EC401A51BAFA29700E4AF65 /* 2014081421510285285.jpg */,
				4EC4017F1BAF94D700E4AF65 /* CaiPu.xcdatamodeld */,
				4EC401791BAF94D700E4AF65 /* Info.plist */,
				4EC4017A1BAF94D700E4AF65 /* main.m */,
			);
			name = "Supporting Files";
			sourceTree = "<group>";
		};
		4EC401941BAF94D700E4AF65 /* CaiPuTests */ = {
			isa = PBXGroup;
			children = (
				4EC401971BAF94D700E4AF65 /* CaiPuTests.m */,
				4EC401951BAF94D700E4AF65 /* Supporting Files */,
			);
			path = CaiPuTests;
			sourceTree = "<group>";
		};
		4EC401951BAF94D700E4AF65 /* Supporting Files */ = {
			isa = PBXGroup;
			children = (
				4EC401961BAF94D700E4AF65 /* Info.plist */,
			);
			name = "Supporting Files";
			sourceTree = "<group>";
		};
		4EC401A21BAF975400E4AF65 /* Uititlis */ = {
			isa = PBXGroup;
			children = (
			);
			name = Uititlis;
			sourceTree = "<group>";
		};
		4EC401A31BAF977900E4AF65 /* Controller */ = {
			isa = PBXGroup;
			children = (
				4EC401A71BAFBC8A00E4AF65 /* TabBarController.h */,
				4EC401A81BAFBC8A00E4AF65 /* TabBarController.m */,
				4EC401AD1BAFC77000E4AF65 /* HomeViewController.h */,
				4EC401AE1BAFC77000E4AF65 /* HomeViewController.m */,
				4EC401B01BAFC85400E4AF65 /* Feedback ViewController.h */,
				4EC401B11BAFC85400E4AF65 /* Feedback ViewController.m */,
				4EC401B31BAFC8AE00E4AF65 /* Dish rackViewController.h */,
				4EC401B41BAFC8AE00E4AF65 /* Dish rackViewController.m */,
				4EC401B91BAFC93900E4AF65 /* CharacteristicViewController.h */,
				4EC401BA1BAFC93900E4AF65 /* CharacteristicViewController.m */,
				4EC401BC1BAFCA4E00E4AF65 /* SearchViewController.h */,
				4EC401BD1BAFCA4E00E4AF65 /* SearchViewController.m */,
				4EC401BF1BAFCAC400E4AF65 /* Details of dishesViewController.h */,
				4EC401C01BAFCAC400E4AF65 /* Details of dishesViewController.m */,
			);
			name = Controller;
			sourceTree = "<group>";
		};
		4EC401A41BAF97A700E4AF65 /* Medel */ = {
			isa = PBXGroup;
			children = (
				4EC401851BAF94D700E4AF65 /* Main.storyboard */,
				4EC401881BAF94D700E4AF65 /* Images.xcassets */,
				4EC4018A1BAF94D700E4AF65 /* LaunchScreen.xib */,
			);
			name = Medel;
			sourceTree = "<group>";
		};
/* End PBXGroup section */

/* Begin PBXNativeTarget section */
		4EC401741BAF94D700E4AF65 /* CaiPu */ = {
			isa = PBXNativeTarget;
			buildConfigurationList = 4EC4019B1BAF94D700E4AF65 /* Build configuration list for PBXNativeTarget "CaiPu" */;
			buildPhases = (
				4EC401711BAF94D700E4AF65 /* Sources */,
				4EC401721BAF94D700E4AF65 /* Frameworks */,
				4EC401731BAF94D700E4AF65 /* Resources */,
			);
			buildRules = (
			);
			dependencies = (
			);
			name = CaiPu;
			productName = CaiPu;
			productReference = 4EC401751BAF94D700E4AF65 /* CaiPu.app */;
			productType = "com.apple.product-type.application";
		};
		4EC401901BAF94D700E4AF65 /* CaiPuTests */ = {
			isa = PBXNativeTarget;
			buildConfigurationList = 4EC4019E1BAF94D700E4AF65 /* Build configuration list for PBXNativeTarget "CaiPuTests" */;
			buildPhases = (
				4EC4018D1BAF94D700E4AF65 /* Sources */,
				4EC4018E1BAF94D700E4AF65 /* Frameworks */,
				4EC4018F1BAF94D700E4AF65 /* Resources */,
			);
			buildRules = (
			);
			dependencies = (
				4EC401931BAF94D700E4AF65 /* PBXTargetDependency */,
			);
			name = CaiPuTests;
			productName = CaiPuTests;
			productReference = 4EC401911BAF94D700E4AF65 /* CaiPuTests.xctest */;
			productType = "com.apple.product-type.bundle.unit-test";
		};
/* End PBXNativeTarget section */

/* Begin PBXProject section */
		4EC4016D1BAF94D700E4AF65 /* Project object */ = {
			isa = PBXProject;
			attributes = {
				LastUpgradeCheck = 0640;
				ORGANIZATIONNAME = MS;
				TargetAttributes = {
					4EC401741BAF94D700E4AF65 = {
						CreatedOnToolsVersion = 6.4;
					};
					4EC401901BAF94D700E4AF65 = {
						CreatedOnToolsVersion = 6.4;
						TestTargetID = 4EC401741BAF94D700E4AF65;
					};
				};
			};
			buildConfigurationList = 4EC401701BAF94D700E4AF65 /* Build configuration list for PBXProject "CaiPu" */;
			compatibilityVersion = "Xcode 3.2";
			developmentRegion = English;
			hasScannedForEncodings = 0;
			knownRegions = (
				en,
				Base,
			);
			mainGroup = 4EC4016C1BAF94D700E4AF65;
			productRefGroup = 4EC401761BAF94D700E4AF65 /* Products */;
			projectDirPath = "";
			projectRoot = "";
			targets = (
				4EC401741BAF94D700E4AF65 /* CaiPu */,
				4EC401901BAF94D700E4AF65 /* CaiPuTests */,
			);
		};
/* End PBXProject section */

/* Begin PBXResourcesBuildPhase section */
		4EC401731BAF94D700E4AF65 /* Resources */ = {
			isa = PBXResourcesBuildPhase;
			buildActionMask = 2147483647;
			files = (
				4EC401871BAF94D700E4AF65 /* Main.storyboard in Resources */,
				4EC401A61BAFA29700E4AF65 /* 2014081421510285285.jpg in Resources */,
				4EC4018C1BAF94D700E4AF65 /* LaunchScreen.xib in Resources */,
				4EC401891BAF94D700E4AF65 /* Images.xcassets in Resources */,
			);
			runOnlyForDeploymentPostprocessing = 0;
		};
		4EC4018F1BAF94D700E4AF65 /* Resources */ = {
			isa = PBXResourcesBuildPhase;
			buildActionMask = 2147483647;
			files = (
			);
			runOnlyForDeploymentPostprocessing = 0;
		};
/* End PBXResourcesBuildPhase section */

/* Begin PBXSourcesBuildPhase section */
		4EC401711BAF94D700E4AF65 /* Sources */ = {
			isa = PBXSourcesBuildPhase;
			buildActionMask = 2147483647;
			files = (
				4EC4017E1BAF94D700E4AF65 /* AppDelegate.m in Sources */,
				4EC401BB1BAFC93900E4AF65 /* CharacteristicViewController.m in Sources */,
				4EC401811BAF94D700E4AF65 /* CaiPu.xcdatamodeld in Sources */,
				4EC401A91BAFBC8A00E4AF65 /* TabBarController.m in Sources */,
				4EC401C11BAFCAC400E4AF65 /* Details of dishesViewController.m in Sources */,
				4EC401BE1BAFCA4E00E4AF65 /* SearchViewController.m in Sources */,
				4EC4017B1BAF94D700E4AF65 /* main.m in Sources */,
				4EC401B51BAFC8AE00E4AF65 /* Dish rackViewController.m in Sources */,
				4EC401B21BAFC85400E4AF65 /* Feedback ViewController.m in Sources */,
				4EC401AF1BAFC77000E4AF65 /* HomeViewController.m in Sources */,
			);
			runOnlyForDeploymentPostprocessing = 0;
		};
		4EC4018D1BAF94D700E4AF65 /* Sources */ = {
			isa = PBXSourcesBuildPhase;
			buildActionMask = 2147483647;
			files = (
				4EC401981BAF94D700E4AF65 /* CaiPuTests.m in Sources */,
			);
			runOnlyForDeploymentPostprocessing = 0;
		};
/* End PBXSourcesBuildPhase section */

/* Begin PBXTargetDependency section */
		4EC401931BAF94D700E4AF65 /* PBXTargetDependency */ = {
			isa = PBXTargetDependency;
			target = 4EC401741BAF94D700E4AF65 /* CaiPu */;
			targetProxy = 4EC401921BAF94D700E4AF65 /* PBXContainerItemProxy */;
		};
/* End PBXTargetDependency section */

/* Begin PBXVariantGroup section */
		4EC401851BAF94D700E4AF65 /* Main.storyboard */ = {
			isa = PBXVariantGroup;
			children = (
				4EC401861BAF94D700E4AF65 /* Base */,
			);
			name = Main.storyboard;
			path = CaiPu;
			sourceTree = "<group>";
		};
		4EC4018A1BAF94D700E4AF65 /* LaunchScreen.xib */ = {
			isa = PBXVariantGroup;
			children = (
				4EC4018B1BAF94D700E4AF65 /* Base */,
			);
			name = LaunchScreen.xib;
			path = CaiPu;
			sourceTree = "<group>";
		};
/* End PBXVariantGroup section */

/* Begin XCBuildConfiguration section */
		4EC401991BAF94D700E4AF65 /* Debug */ = {
			isa = XCBuildConfiguration;
			buildSettings = {
				ALWAYS_SEARCH_USER_PATHS = NO;
				CLANG_CXX_LANGUAGE_STANDARD = "gnu++0x";
				CLANG_CXX_LIBRARY = "libc++";
				CLANG_ENABLE_MODULES = YES;
				CLANG_ENABLE_OBJC_ARC = YES;
				CLANG_WARN_BOOL_CONVERSION = YES;
				CLANG_WARN_CONSTANT_CONVERSION = YES;
				CLANG_WARN_DIRECT_OBJC_ISA_USAGE = YES_ERROR;
				CLANG_WARN_EMPTY_BODY = YES;
				CLANG_WARN_ENUM_CONVERSION = YES;
				CLANG_WARN_INT_CONVERSION = YES;
				CLANG_WARN_OBJC_ROOT_CLASS = YES_ERROR;
				CLANG_WARN_UNREACHABLE_CODE = YES;
				CLANG_WARN__DUPLICATE_METHOD_MATCH = YES;
				"CODE_SIGN_IDENTITY[sdk=iphoneos*]" = "iPhone Developer";
				COPY_PHASE_STRIP = NO;
				DEBUG_INFORMATION_FORMAT = "dwarf-with-dsym";
				ENABLE_STRICT_OBJC_MSGSEND = YES;
				GCC_C_LANGUAGE_STANDARD = gnu99;
				GCC_DYNAMIC_NO_PIC = NO;
				GCC_NO_COMMON_BLOCKS = YES;
				GCC_OPTIMIZATION_LEVEL = 0;
				GCC_PREPROCESSOR_DEFINITIONS = (
					"DEBUG=1",
					"$(inherited)",
				);
				GCC_SYMBOLS_PRIVATE_EXTERN = NO;
				GCC_WARN_64_TO_32_BIT_CONVERSION = YES;
				GCC_WARN_ABOUT_RETURN_TYPE = YES_ERROR;
				GCC_WARN_UNDECLARED_SELECTOR = YES;
				GCC_WARN_UNINITIALIZED_AUTOS = YES_AGGRESSIVE;
				GCC_WARN_UNUSED_FUNCTION = YES;
				GCC_WARN_UNUSED_VARIABLE = YES;
				IPHONEOS_DEPLOYMENT_TARGET = 8.4;
				MTL_ENABLE_DEBUG_INFO = YES;
				ONLY_ACTIVE_ARCH = YES;
				SDKROOT = iphoneos;
				TARGETED_DEVICE_FAMILY = "1,2";
			};
			name = Debug;
		};
		4EC4019A1BAF94D700E4AF65 /* Release */ = {
			isa = XCBuildConfiguration;
			buildSettings = {
				ALWAYS_SEARCH_USER_PATHS = NO;
				CLANG_CXX_LANGUAGE_STANDARD = "gnu++0x";
				CLANG_CXX_LIBRARY = "libc++";
				CLANG_ENABLE_MODULES = YES;
				CLANG_ENABLE_OBJC_ARC = YES;
				CLANG_WARN_BOOL_CONVERSION = YES;
				CLANG_WARN_CONSTANT_CONVERSION = YES;
				CLANG_WARN_DIRECT_OBJC_ISA_USAGE = YES_ERROR;
				CLANG_WARN_EMPTY_BODY = YES;
				CLANG_WARN_ENUM_CONVERSION = YES;
				CLANG_WARN_INT_CONVERSION = YES;
				CLANG_WARN_OBJC_ROOT_CLASS = YES_ERROR;
				CLANG_WARN_UNREACHABLE_CODE = YES;
				CLANG_WARN__DUPLICATE_METHOD_MATCH = YES;
				"CODE_SIGN_IDENTITY[sdk=iphoneos*]" = "iPhone Developer";
				COPY_PHASE_STRIP = NO;
				DEBUG_INFORMATION_FORMAT = "dwarf-with-dsym";
				ENABLE_NS_ASSERTIONS = NO;
				ENABLE_STRICT_OBJC_MSGSEND = YES;
				GCC_C_LANGUAGE_STANDARD = gnu99;
				GCC_NO_COMMON_BLOCKS = YES;
				GCC_WARN_64_TO_32_BIT_CONVERSION = YES;
				GCC_WARN_ABOUT_RETURN_TYPE = YES_ERROR;
				GCC_WARN_UNDECLARED_SELECTOR = YES;
				GCC_WARN_UNINITIALIZED_AUTOS = YES_AGGRESSIVE;
				GCC_WARN_UNUSED_FUNCTION = YES;
				GCC_WARN_UNUSED_VARIABLE = YES;
				IPHONEOS_DEPLOYMENT_TARGET = 8.4;
				MTL_ENABLE_DEBUG_INFO = NO;
				SDKROOT = iphoneos;
				TARGETED_DEVICE_FAMILY = "1,2";
				VALIDATE_PRODUCT = YES;
			};
			name = Release;
		};
		4EC4019C1BAF94D700E4AF65 /* Debug */ = {
			isa = XCBuildConfiguration;
			buildSettings = {
				ASSETCATALOG_COMPILER_APPICON_NAME = AppIcon;
				INFOPLIST_FILE = CaiPu/Info.plist;
				LD_RUNPATH_SEARCH_PATHS = "$(inherited) @executable_path/Frameworks";
				PRODUCT_NAME = "$(TARGET_NAME)";
			};
			name = Debug;
		};
		4EC4019D1BAF94D700E4AF65 /* Release */ = {
			isa = XCBuildConfiguration;
			buildSettings = {
				ASSETCATALOG_COMPILER_APPICON_NAME = AppIcon;
				INFOPLIST_FILE = CaiPu/Info.plist;
				LD_RUNPATH_SEARCH_PATHS = "$(inherited) @executable_path/Frameworks";
				PRODUCT_NAME = "$(TARGET_NAME)";
			};
			name = Release;
		};
		4EC4019F1BAF94D700E4AF65 /* Debug */ = {
			isa = XCBuildConfiguration;
			buildSettings = {
				BUNDLE_LOADER = "$(TEST_HOST)";
				FRAMEWORK_SEARCH_PATHS = (
					"$(SDKROOT)/Developer/Library/Frameworks",
					"$(inherited)",
				);
				GCC_PREPROCESSOR_DEFINITIONS = (
					"DEBUG=1",
					"$(inherited)",
				);
				INFOPLIST_FILE = CaiPuTests/Info.plist;
				LD_RUNPATH_SEARCH_PATHS = "$(inherited) @executable_path/Frameworks @loader_path/Frameworks";
				PRODUCT_NAME = "$(TARGET_NAME)";
				TEST_HOST = "$(BUILT_PRODUCTS_DIR)/CaiPu.app/CaiPu";
			};
			name = Debug;
		};
		4EC401A01BAF94D700E4AF65 /* Release */ = {
			isa = XCBuildConfiguration;
			buildSettings = {
				BUNDLE_LOADER = "$(TEST_HOST)";
				FRAMEWORK_SEARCH_PATHS = (
					"$(SDKROOT)/Developer/Library/Frameworks",
					"$(inherited)",
				);
				INFOPLIST_FILE = CaiPuTests/Info.plist;
				LD_RUNPATH_SEARCH_PATHS = "$(inherited) @executable_path/Frameworks @loader_path/Frameworks";
				PRODUCT_NAME = "$(TARGET_NAME)";
				TEST_HOST = "$(BUILT_PRODUCTS_DIR)/CaiPu.app/CaiPu";
			};
			name = Release;
		};
/* End XCBuildConfiguration section */

/* Begin XCConfigurationList section */
		4EC401701BAF94D700E4AF65 /* Build configuration list for PBXProject "CaiPu" */ = {
			isa = XCConfigurationList;
			buildConfigurations = (
				4EC401991BAF94D700E4AF65 /* Debug */,
				4EC4019A1BAF94D700E4AF65 /* Release */,
			);
			defaultConfigurationIsVisible = 0;
			defaultConfigurationName = Release;
		};
		4EC4019B1BAF94D700E4AF65 /* Build configuration list for PBXNativeTarget "CaiPu" */ = {
			isa = XCConfigurationList;
			buildConfigurations = (
				4EC4019C1BAF94D700E4AF65 /* Debug */,
				4EC4019D1BAF94D700E4AF65 /* Release */,
			);
			defaultConfigurationIsVisible = 0;
			defaultConfigurationName = Release;
		};
		4EC4019E1BAF94D700E4AF65 /* Build configuration list for PBXNativeTarget "CaiPuTests" */ = {
			isa = XCConfigurationList;
			buildConfigurations = (
				4EC4019F1BAF94D700E4AF65 /* Debug */,
				4EC401A01BAF94D700E4AF65 /* Release */,
			);
			defaultConfigurationIsVisible = 0;
			defaultConfigurationName = Release;
		};
/* End XCConfigurationList section */

/* Begin XCVersionGroup section */
		4EC4017F1BAF94D700E4AF65 /* CaiPu.xcdatamodeld */ = {
			isa = XCVersionGroup;
			children = (
				4EC401801BAF94D700E4AF65 /* CaiPu.xcdatamodel */,
			);
			currentVersion = 4EC401801BAF94D700E4AF65 /* CaiPu.xcdatamodel */;
			path = CaiPu.xcdatamodeld;
			sourceTree = "<group>";
			versionGroupType = wrapper.xcdatamodel;
		};
/* End XCVersionGroup section */
	};
	rootObject = 4EC4016D1BAF94D700E4AF65 /* Project object */;
}
